{
  "name": "electron-winstore-auto-launch",
  "version": "2.0.3",
  "lockfileVersion": 2,
  "requires": true,
  "packages": {
    "": {
      "version": "2.0.3",
      "license": "MIT",
      "dependencies": {
        "@nodert-win10-rs3/windows.applicationmodel": "^0.4.4"
      },
      "devDependencies": {
        "@types/node": "^14.0.13",
        "typescript": "^3.9.5"
      }
    },
    "node_modules/@nodert-win10-rs3/windows.applicationmodel": {
      "version": "0.4.4",
      "resolved": "https://registry.npmjs.org/@nodert-win10-rs3/windows.applicationmodel/-/windows.applicationmodel-0.4.4.tgz",
      "integrity": "sha512-Nqj5UPagMI20h2KN4AyZMgS3+ByeKuw7SjlfrXs7UzAEqMYToP7Z21EiZJS4SejEiSyGvQpuLvV49ih7d8csog==",
      "hasInstallScript": true,
      "license": "Apache-2.0",
      "dependencies": {
        "nan": "latest"
      }
    },
    "node_modules/@types/node": {
      "version": "14.14.17",
      "resolved": "https://registry.npmjs.org/@types/node/-/node-14.14.17.tgz",
      "integrity": "sha512-G0lD1/7qD60TJ/mZmhog76k7NcpLWkPVGgzkRy3CTlnFu4LUQh5v2Wa661z6vnXmD8EQrnALUyf0VRtrACYztw==",
      "dev": true
    },
    "node_modules/nan": {
      "version": "2.14.2",
      "resolved": "https://registry.npmjs.org/nan/-/nan-2.14.2.tgz",
      "integrity": "sha512-M2ufzIiINKCuDfBSAUr1vWQ+vuVcA9kqx8JJUsbQi6yf1uGRyb7HfpdfUr5qLXf3B/t8dPvcjhKMmlfnP47EzQ=="
    },
    "node_modules/typescript": {
      "version": "3.9.7",
      "resolved": "https://registry.npmjs.org/typescript/-/typescript-3.9.7.tgz",
      "integrity": "sha512-BLbiRkiBzAwsjut4x/dsibSTB6yWpwT5qWmC2OfuCg3GgVQCSgMs4vEctYPhsaGtd0AeuuHMkjZ2h2WG8MSzRw==",
      "dev": true,
      "bin": {
        "tsc": "bin/tsc",
        "tsserver": "bin/tsserver"
      },
      "engines": {
        "node": ">=4.2.0"
      }
    }
  },
  "dependencies": {
    "@nodert-win10-rs3/windows.applicationmodel": {
      "version": "0.4.4",
      "resolved": "https://registry.npmjs.org/@nodert-win10-rs3/windows.applicationmodel/-/windows.applicationmodel-0.4.4.tgz",
      "integrity": "sha512-Nqj5UPagMI20h2KN4AyZMgS3+ByeKuw7SjlfrXs7UzAEqMYToP7Z21EiZJS4SejEiSyGvQpuLvV49ih7d8csog==",
      "requires": {
        "nan": "latest"
      }
    },
    "@types/node": {
      "version": "14.14.17",
      "resolved": "https://registry.npmjs.org/@types/node/-/node-14.14.17.tgz",
      "integrity": "sha512-G0lD1/7qD60TJ/mZmhog76k7NcpLWkPVGgzkRy3CTlnFu4LUQh5v2Wa661z6vnXmD8EQrnALUyf0VRtrACYztw==",
      "dev": true
    },
    "nan": {
      "version": "2.14.2",
      "resolved": "https://registry.npmjs.org/nan/-/nan-2.14.2.tgz",
      "integrity": "sha512-M2ufzIiINKCuDfBSAUr1vWQ+vuVcA9kqx8JJUsbQi6yf1uGRyb7HfpdfUr5qLXf3B/t8dPvcjhKMmlfnP47EzQ=="
    },
    "typescript": {
      "version": "3.9.7",
      "resolved": "https://registry.npmjs.org/typescript/-/typescript-3.9.7.tgz",
      "integrity": "sha512-BLbiRkiBzAwsjut4x/dsibSTB6yWpwT5qWmC2OfuCg3GgVQCSgMs4vEctYPhsaGtd0AeuuHMkjZ2h2WG8MSzRw==",
      "dev": true
    }
  }
}
